{
    "_meta": {
        "hash": {
            "sha256": "a49b7294f8f733cc80cb9a22a4aa1443f4429e91de782e54837cd00fa725c059"
        },
        "pipfile-spec": 6,
        "requires": {
            "python_version": "3.11"
        },
        "sources": [
            {
                "name": "pypi",
                "url": "https://pypi.org/simple",
                "verify_ssl": true
            }
        ]
    },
    "default": {
        "numpy": {
            "hashes": [
                "sha256:03a8c78d01d9781b28a6989f6fa1bb2c4f2d51201cf99d3dd875df6fbd96b23b",
                "sha256:08beddf13648eb95f8d867350f6a018a4be2e5ad54c8d8caed89ebca558b2818",
                "sha256:1af303d6b2210eb850fcf03064d364652b7120803a0b872f5211f5234b399f20",
                "sha256:1dda2e7b4ec9dd512f84935c5f126c8bd8b9f2fc001e9f54af255e8c5f16b0e0",
                "sha256:2a02aba9ed12e4ac4eb3ea9421c420301a0c6460d9830d74a9df87efa4912010",
                "sha256:2e4ee3380d6de9c9ec04745830fd9e2eccb3e6cf790d39d7b98ffd19b0dd754a",
                "sha256:3373d5d70a5fe74a2c1bb6d2cfd9609ecf686d47a2d7b1d37a8f3b6bf6003aea",
                "sha256:47711010ad8555514b434df65f7d7b076bb8261df1ca9bb78f53d3b2db02e95c",
                "sha256:4c66707fabe114439db9068ee468c26bbdf909cac0fb58686a42a24de1760c71",
                "sha256:50193e430acfc1346175fcbdaa28ffec49947a06918b7b92130744e81e640110",
                "sha256:52b8b60467cd7dd1e9ed082188b4e6bb35aa5cdd01777621a1658910745b90be",
                "sha256:60dedbb91afcbfdc9bc0b1f3f402804070deed7392c23eb7a7f07fa857868e8a",
                "sha256:62b8e4b1e28009ef2846b4c7852046736bab361f7aeadeb6a5b89ebec3c7055a",
                "sha256:666dbfb6ec68962c033a450943ded891bed2d54e6755e35e5835d63f4f6931d5",
                "sha256:675d61ffbfa78604709862923189bad94014bef562cc35cf61d3a07bba02a7ed",
                "sha256:679b0076f67ecc0138fd2ede3a8fd196dddc2ad3254069bcb9faf9a79b1cebcd",
                "sha256:7349ab0fa0c429c82442a27a9673fc802ffdb7c7775fad780226cb234965e53c",
                "sha256:7ab55401287bfec946ced39700c053796e7cc0e3acbef09993a9ad2adba6ca6e",
                "sha256:7e50d0a0cc3189f9cb0aeb3a6a6af18c16f59f004b866cd2be1c14b36134a4a0",
                "sha256:95a7476c59002f2f6c590b9b7b998306fba6a5aa646b1e22ddfeaf8f78c3a29c",
                "sha256:96ff0b2ad353d8f990b63294c8986f1ec3cb19d749234014f4e7eb0112ceba5a",
                "sha256:9fad7dcb1aac3c7f0584a5a8133e3a43eeb2fe127f47e3632d43d677c66c102b",
                "sha256:9ff0f4f29c51e2803569d7a51c2304de5554655a60c5d776e35b4a41413830d0",
                "sha256:a354325ee03388678242a4d7ebcd08b5c727033fcff3b2f536aea978e15ee9e6",
                "sha256:a4abb4f9001ad2858e7ac189089c42178fcce737e4169dc61321660f1a96c7d2",
                "sha256:ab47dbe5cc8210f55aa58e4805fe224dac469cde56b9f731a4c098b91917159a",
                "sha256:afedb719a9dcfc7eaf2287b839d8198e06dcd4cb5d276a3df279231138e83d30",
                "sha256:b3ce300f3644fb06443ee2222c2201dd3a89ea6040541412b8fa189341847218",
                "sha256:b97fe8060236edf3662adfc2c633f56a08ae30560c56310562cb4f95500022d5",
                "sha256:bfe25acf8b437eb2a8b2d49d443800a5f18508cd811fea3181723922a8a82b07",
                "sha256:cd25bcecc4974d09257ffcd1f098ee778f7834c3ad767fe5db785be9a4aa9cb2",
                "sha256:d209d8969599b27ad20994c8e41936ee0964e6da07478d6c35016bc386b66ad4",
                "sha256:d5241e0a80d808d70546c697135da2c613f30e28251ff8307eb72ba696945764",
                "sha256:edd8b5fe47dab091176d21bb6de568acdd906d1887a4584a15a9a96a1dca06ef",
                "sha256:f870204a840a60da0b12273ef34f7051e98c3b5961b61b0c2c1be6dfd64fbcd3",
                "sha256:ffa75af20b44f8dba823498024771d5ac50620e6915abac414251bd971b4529f"
            ],
            "index": "pypi",
            "version": "==1.26.4"
        }
    },
    "develop": {
        "asttokens": {
            "hashes": [
                "sha256:051ed49c3dcae8913ea7cd08e46a606dba30b79993209636c4875bc1d637bc24",
                "sha256:b03869718ba9a6eb027e134bfdf69f38a236d681c83c160d510768af11254ba0"
            ],
            "version": "==2.4.1"
        },
        "colorama": {
            "hashes": [
                "sha256:08695f5cb7ed6e0531a20572697297273c47b8cae5a63ffc6d6ed5c201be6e44",
                "sha256:4f1d9991f5acc0ca119f9d443620b77f9d6b33703e51011c16baf57afb285fc6"
            ],
            "markers": "sys_platform == 'win32'",
            "version": "==0.4.6"
        },
        "comm": {
            "hashes": [
                "sha256:3fd7a84065306e07bea1773df6eb8282de51ba82f77c72f9c85716ab11fe980e",
                "sha256:e6fb86cb70ff661ee8c9c14e7d36d6de3b4066f1441be4063df9c5009f0a64d3"
            ],
            "markers": "python_version >= '3.8'",
            "version": "==0.2.2"
        },
        "debugpy": {
            "hashes": [
                "sha256:016a9fcfc2c6b57f939673c874310d8581d51a0fe0858e7fac4e240c5eb743cb",
                "sha256:0de56aba8249c28a300bdb0672a9b94785074eb82eb672db66c8144fff673146",
                "sha256:1a9fe0829c2b854757b4fd0a338d93bc17249a3bf69ecf765c61d4c522bb92a8",
                "sha256:28acbe2241222b87e255260c76741e1fbf04fdc3b6d094fcf57b6c6f75ce1242",
                "sha256:3a79c6f62adef994b2dbe9fc2cc9cc3864a23575b6e387339ab739873bea53d0",
                "sha256:3bda0f1e943d386cc7a0e71bfa59f4137909e2ed947fb3946c506e113000f741",
                "sha256:3ebb70ba1a6524d19fa7bb122f44b74170c447d5746a503e36adc244a20ac539",
                "sha256:58911e8521ca0c785ac7a0539f1e77e0ce2df753f786188f382229278b4cdf23",
                "sha256:6df9aa9599eb05ca179fb0b810282255202a66835c6efb1d112d21ecb830ddd3",
                "sha256:7a3afa222f6fd3d9dfecd52729bc2e12c93e22a7491405a0ecbf9e1d32d45b39",
                "sha256:7eb7bd2b56ea3bedb009616d9e2f64aab8fc7000d481faec3cd26c98a964bcdd",
                "sha256:92116039b5500633cc8d44ecc187abe2dfa9b90f7a82bbf81d079fcdd506bae9",
                "sha256:a2e658a9630f27534e63922ebf655a6ab60c370f4d2fc5c02a5b19baf4410ace",
                "sha256:bfb20cb57486c8e4793d41996652e5a6a885b4d9175dd369045dad59eaacea42",
                "sha256:caad2846e21188797a1f17fc09c31b84c7c3c23baf2516fed5b40b378515bbf0",
                "sha256:d915a18f0597ef685e88bb35e5d7ab968964b7befefe1aaea1eb5b2640b586c7",
                "sha256:dda73bf69ea479c8577a0448f8c707691152e6c4de7f0c4dec5a4bc11dee516e",
                "sha256:e38beb7992b5afd9d5244e96ad5fa9135e94993b0c551ceebf3fe1a5d9beb234",
                "sha256:edcc9f58ec0fd121a25bc950d4578df47428d72e1a0d66c07403b04eb93bcf98",
                "sha256:efd3fdd3f67a7e576dd869c184c5dd71d9aaa36ded271939da352880c012e703",
                "sha256:f696d6be15be87aef621917585f9bb94b1dc9e8aced570db1b8a6fc14e8f9b42",
                "sha256:fd97ed11a4c7f6d042d320ce03d83b20c3fb40da892f994bc041bbc415d7a099"
            ],
            "markers": "python_version >= '3.8'",
            "version": "==1.8.1"
        },
        "decorator": {
            "hashes": [
                "sha256:637996211036b6385ef91435e4fae22989472f9d571faba8927ba8253acbc330",
                "sha256:b8c3f85900b9dc423225913c5aace94729fe1fa9763b38939a95226f02d37186"
            ],
            "markers": "python_version >= '3.5'",
            "version": "==5.1.1"
        },
        "executing": {
            "hashes": [
                "sha256:35afe2ce3affba8ee97f2d69927fa823b08b472b7b994e36a52a964b93d16147",
                "sha256:eac49ca94516ccc753f9fb5ce82603156e590b27525a8bc32cce8ae302eb61bc"
            ],
            "markers": "python_version >= '3.5'",
            "version": "==2.0.1"
        },
        "iniconfig": {
            "hashes": [
                "sha256:2d91e135bf72d31a410b17c16da610a82cb55f6b0477d1a902134b24a455b8b3",
                "sha256:b6a85871a79d2e3b22d2d1b94ac2824226a63c6b741c88f7ae975f18b6778374"
            ],
            "markers": "python_version >= '3.7'",
            "version": "==2.0.0"
        },
        "ipykernel": {
            "hashes": [
                "sha256:1181e653d95c6808039c509ef8e67c4126b3b3af7781496c7cbfb5ed938a27da",
                "sha256:3d44070060f9475ac2092b760123fadf105d2e2493c24848b6691a7c4f42af5c"
            ],
            "index": "pypi",
            "version": "==6.29.4"
        },
        "ipython": {
            "hashes": [
                "sha256:07232af52a5ba146dc3372c7bf52a0f890a23edf38d77caef8d53f9cdc2584c1",
                "sha256:7468edaf4f6de3e1b912e57f66c241e6fd3c7099f2ec2136e239e142e800274d"
            ],
            "markers": "python_version >= '3.10'",
            "version": "==8.23.0"
        },
        "jedi": {
            "hashes": [
                "sha256:cf0496f3651bc65d7174ac1b7d043eff454892c708a87d1b683e57b569927ffd",
                "sha256:e983c654fe5c02867aef4cdfce5a2fbb4a50adc0af145f70504238f18ef5e7e0"
            ],
            "markers": "python_version >= '3.6'",
            "version": "==0.19.1"
        },
        "jupyter-client": {
            "hashes": [
                "sha256:3b7bd22f058434e3b9a7ea4b1500ed47de2713872288c0d511d19926f99b459f",
                "sha256:e842515e2bab8e19186d89fdfea7abd15e39dd581f94e399f00e2af5a1652d3f"
            ],
            "markers": "python_version >= '3.8'",
            "version": "==8.6.1"
        },
        "jupyter-core": {
            "hashes": [
                "sha256:4f7315d2f6b4bcf2e3e7cb6e46772eba760ae459cd1f59d29eb57b0a01bd7409",
                "sha256:aa5f8d32bbf6b431ac830496da7392035d6f61b4f54872f15c4bd2a9c3f536d9"
            ],
            "markers": "python_version >= '3.8'",
            "version": "==5.7.2"
        },
        "matplotlib-inline": {
            "hashes": [
                "sha256:8423b23ec666be3d16e16b60bdd8ac4e86e840ebd1dd11a30b9f117f2fa0ab90",
                "sha256:df192d39a4ff8f21b1895d72e6a13f5fcc5099f00fa84384e0ea28c2cc0653ca"
            ],
            "markers": "python_version >= '3.8'",
            "version": "==0.1.7"
        },
        "nest-asyncio": {
            "hashes": [
                "sha256:6f172d5449aca15afd6c646851f4e31e02c598d553a667e38cafa997cfec55fe",
                "sha256:87af6efd6b5e897c81050477ef65c62e2b2f35d51703cae01aff2905b1852e1c"
            ],
            "markers": "python_version >= '3.5'",
            "version": "==1.6.0"
        },
        "packaging": {
            "hashes": [
                "sha256:2ddfb553fdf02fb784c234c7ba6ccc288296ceabec964ad2eae3777778130bc5",
                "sha256:eb82c5e3e56209074766e6885bb04b8c38a0c015d0a30036ebe7ece34c9989e9"
            ],
            "markers": "python_version >= '3.7'",
            "version": "==24.0"
        },
        "parso": {
            "hashes": [
                "sha256:a418670a20291dacd2dddc80c377c5c3791378ee1e8d12bffc35420643d43f18",
                "sha256:eb3a7b58240fb99099a345571deecc0f9540ea5f4dd2fe14c2a99d6b281ab92d"
            ],
            "markers": "python_version >= '3.6'",
            "version": "==0.8.4"
        },
        "platformdirs": {
            "hashes": [
                "sha256:0614df2a2f37e1a662acbd8e2b25b92ccf8632929bc6d43467e17fe89c75e068",
                "sha256:ef0cc731df711022c174543cb70a9b5bd22e5a9337c8624ef2c2ceb8ddad8768"
            ],
            "markers": "python_version >= '3.8'",
            "version": "==4.2.0"
        },
        "pluggy": {
            "hashes": [
                "sha256:7db9f7b503d67d1c5b95f59773ebb58a8c1c288129a88665838012cfb07b8981",
                "sha256:8c85c2876142a764e5b7548e7d9a0e0ddb46f5185161049a79b7e974454223be"
            ],
            "markers": "python_version >= '3.8'",
            "version": "==1.4.0"
        },
        "prompt-toolkit": {
            "hashes": [
                "sha256:3527b7af26106cbc65a040bcc84839a3566ec1b051bb0bfe953631e704b0ff7d",
                "sha256:a11a29cb3bf0a28a387fe5122cdb649816a957cd9261dcedf8c9f1fef33eacf6"
            ],
            "markers": "python_full_version >= '3.7.0'",
            "version": "==3.0.43"
        },
        "psutil": {
            "hashes": [
                "sha256:02615ed8c5ea222323408ceba16c60e99c3f91639b07da6373fb7e6539abc56d",
                "sha256:05806de88103b25903dff19bb6692bd2e714ccf9e668d050d144012055cbca73",
                "sha256:26bd09967ae00920df88e0352a91cff1a78f8d69b3ecabbfe733610c0af486c8",
                "sha256:27cc40c3493bb10de1be4b3f07cae4c010ce715290a5be22b98493509c6299e2",
                "sha256:36f435891adb138ed3c9e58c6af3e2e6ca9ac2f365efe1f9cfef2794e6c93b4e",
                "sha256:50187900d73c1381ba1454cf40308c2bf6f34268518b3f36a9b663ca87e65e36",
                "sha256:611052c4bc70432ec770d5d54f64206aa7203a101ec273a0cd82418c86503bb7",
                "sha256:6be126e3225486dff286a8fb9a06246a5253f4c7c53b475ea5f5ac934e64194c",
                "sha256:7d79560ad97af658a0f6adfef8b834b53f64746d45b403f225b85c5c2c140eee",
                "sha256:8cb6403ce6d8e047495a701dc7c5bd788add903f8986d523e3e20b98b733e421",
                "sha256:8db4c1b57507eef143a15a6884ca10f7c73876cdf5d51e713151c1236a0e68cf",
                "sha256:aee678c8720623dc456fa20659af736241f575d79429a0e5e9cf88ae0605cc81",
                "sha256:bc56c2a1b0d15aa3eaa5a60c9f3f8e3e565303b465dbf57a1b730e7a2b9844e0",
                "sha256:bd1184ceb3f87651a67b2708d4c3338e9b10c5df903f2e3776b62303b26cb631",
                "sha256:d06016f7f8625a1825ba3732081d77c94589dca78b7a3fc072194851e88461a4",
                "sha256:d16bbddf0693323b8c6123dd804100241da461e41d6e332fb0ba6058f630f8c8"
            ],
            "markers": "python_version >= '2.7' and python_version not in '3.0, 3.1, 3.2, 3.3, 3.4, 3.5'",
            "version": "==5.9.8"
        },
        "pure-eval": {
            "hashes": [
                "sha256:01eaab343580944bc56080ebe0a674b39ec44a945e6d09ba7db3cb8cec289350",
                "sha256:2b45320af6dfaa1750f543d714b6d1c520a1688dec6fd24d339063ce0aaa9ac3"
            ],
            "version": "==0.2.2"
        },
        "pygments": {
            "hashes": [
                "sha256:b27c2826c47d0f3219f29554824c30c5e8945175d888647acd804ddd04af846c",
                "sha256:da46cec9fd2de5be3a8a784f434e4c4ab670b4ff54d605c4c2717e9d49c4c367"
            ],
            "markers": "python_version >= '3.7'",
            "version": "==2.17.2"
        },
        "pytest": {
            "hashes": [
                "sha256:2a8386cfc11fa9d2c50ee7b2a57e7d898ef90470a7a34c4b949ff59662bb78b7",
                "sha256:ac978141a75948948817d360297b7aae0fcb9d6ff6bc9ec6d514b85d5a65c044"
            ],
            "index": "pypi",
            "version": "==8.1.1"
        },
        "python-dateutil": {
            "hashes": [
                "sha256:37dd54208da7e1cd875388217d5e00ebd4179249f90fb72437e91a35459a0ad3",
                "sha256:a8b2bc7bffae282281c8140a97d3aa9c14da0b136dfe83f850eea9a5f7470427"
            ],
            "markers": "python_version >= '2.7' and python_version not in '3.0, 3.1, 3.2, 3.3'",
            "version": "==2.9.0.post0"
        },
        "pywin32": {
            "hashes": [
                "sha256:06d3420a5155ba65f0b72f2699b5bacf3109f36acbe8923765c22938a69dfc8d",
                "sha256:1c73ea9a0d2283d889001998059f5eaaba3b6238f767c9cf2833b13e6a685f65",
                "sha256:37257794c1ad39ee9be652da0462dc2e394c8159dfd913a8a4e8eb6fd346da0e",
                "sha256:383229d515657f4e3ed1343da8be101000562bf514591ff383ae940cad65458b",
                "sha256:39b61c15272833b5c329a2989999dcae836b1eed650252ab1b7bfbe1d59f30f4",
                "sha256:5821ec52f6d321aa59e2db7e0a35b997de60c201943557d108af9d4ae1ec7040",
                "sha256:70dba0c913d19f942a2db25217d9a1b726c278f483a919f1abfed79c9cf64d3a",
                "sha256:72c5f621542d7bdd4fdb716227be0dd3f8565c11b280be6315b06ace35487d36",
                "sha256:84f4471dbca1887ea3803d8848a1616429ac94a4a8d05f4bc9c5dcfd42ca99c8",
                "sha256:a7639f51c184c0272e93f244eb24dafca9b1855707d94c192d4a0b4c01e1100e",
                "sha256:e25fd5b485b55ac9c057f67d94bc203f3f6595078d1fb3b458c9c28b7153a802",
                "sha256:e4c092e2589b5cf0d365849e73e02c391c1349958c5ac3e9d5ccb9a28e017b3a",
                "sha256:e65028133d15b64d2ed8f06dd9fbc268352478d4f9289e69c190ecd6818b6407",
                "sha256:e8ac1ae3601bee6ca9f7cb4b5363bf1c0badb935ef243c4733ff9a393b1690c0"
            ],
            "markers": "sys_platform == 'win32' and platform_python_implementation != 'PyPy'",
            "version": "==306"
        },
        "pyzmq": {
            "hashes": [
                "sha256:02773b96ef6a17a57680c3609645785c390198be31a4505c01ce0c846f9e7d0e",
                "sha256:0397c7431f3fc2bac497992d7447b036bc0d8bb3e15b158b2013201857ff2354",
                "sha256:06525d996afdb0da3e8b7df0b654261455f6e86c2c3574c3f00d2bd335be78eb",
                "sha256:07fdeac8612a9dca6fcad6cb43c7efb75f53ba75da981fbafa949ddcde1d5662",
                "sha256:08db8071020181173c70cf2dad239e5e21e5b2e95f95b0ece0da39a70f5a483c",
                "sha256:0ec5147095d6065b0e3a38a1a34f7859ab46496f3d5ce71134165893e9f83674",
                "sha256:10ff405db5cee3bbd7aa143d78b25d90356097aed7864e50f0ae644e08759fe9",
                "sha256:120887d773e878136e9b33bbba656df0d4c6e2861694d07d058ec60ce1108b24",
                "sha256:12ca1afb065e5b21a32b1e35bfcbc8762efc0f7555c166acaec36c93b52d7ccf",
                "sha256:1d64889bfe4109f4a59a72b1d21416550465020642d6f556efd044951386bd38",
                "sha256:1da5e11862a994360319df4f425e89662563683334e1079684eb77b9a6478ae2",
                "sha256:1df2b992eabc59f078ca916e9ac8b5bd463536bf7828c13940b35b8555ed7861",
                "sha256:1e87178437460b6df18e761650ef080d3ad5a41813cc3df7f9fd78714fca04c0",
                "sha256:2397364289334840c81ff1ef95a5a5ee326de01c1437cc38f7e16785a7b653d9",
                "sha256:271c9178a94b009651f8ad3ff9bb9ca45778aaf66c9e325a44d81a7498fcaa59",
                "sha256:2806942185b40a3477d9b300c6f71354dd2be37e3f61a43193c96caa51e284d1",
                "sha256:321a6872a9371709a62b3a4a14c1e9b5b47549371197c0c2164d2288510cd6d6",
                "sha256:36a85da0eab4c5337d0de7f975cca011208a59e9d0637e0c1b571764f1dd4a8f",
                "sha256:36d0f2fcbdba1fda8ff213bd17db7ddcba848aa70480ade3fe70401dce606511",
                "sha256:39b8ed8d2e5da8b8351c6aa627601b3b52e8eb5e25cf6bcd26b6f012dec7870b",
                "sha256:40af30c4cd0a046029d7b5272d02a649f9b1f89fb1361bbc90ba08d55ac88273",
                "sha256:4216eee101d104a017042f0e4af0a45875400ff3794f1a59476e210b1a9760e2",
                "sha256:44271793067025a07d38ad4be11f08187cce850fafd1890b42046abbcdca2fc0",
                "sha256:469f4febd63c26b20132e54cc40048d5698123794b103758ccd21b8a45890dc3",
                "sha256:49efc420e36d2e8adc5dae41c2c1e8bb37a069e40a880cbe414a032136b194b0",
                "sha256:544a7ee271fac41ddc0ba11f4b128ddd5f2bf0a3186d25be331ed8bfbb253536",
                "sha256:55f390adb763196d75a2e8c18277b4344f8a7f94f223b5d096324c5b47c2471e",
                "sha256:5736c9a54c27319a65ffc72dbf684538f2773237e94ba50b7f1f74f4e3cb9115",
                "sha256:580dd4b1c2edd51f284df0209bf439899f425ed00cb803a85ddc6cf10c866688",
                "sha256:58176e2437462568b5099acf17401be64205e175e72767a8250eef84ee9ec4f5",
                "sha256:5b48b7e417c56486932fb0c01fecd24916fe6bc359c03a654aa8c63fa33e3d76",
                "sha256:5d7fcc648445dbfd6ce9973ec7b4a33ee9307b7e88cf4816f4403ccbaf8de9ca",
                "sha256:60f91afc76a3fc5d65dfba4f6b6020c462674b5eab6cbf00dec133d79656072d",
                "sha256:694625c2c22be57149e9439757ee02ee4fb6432f7054dc5008bbbc33ef388d1c",
                "sha256:6d3d7ef786e778351e6c51b45906e16506ad98bb78b99304032cb1876dfc81d2",
                "sha256:6e0e94ca9a8f23000d54e11ecd727b69fb1994baf3b6b1eedb881cdd3196ecec",
                "sha256:7129efc54dc48f566eed5422bc555ba4e472e40a1f9de328577c90ade47ccf5d",
                "sha256:71a8f010e23dfd61c531084a2b72a81885017da28352540f0b7799ca8423c044",
                "sha256:72340614ea23904cff824109eb025648bdf32775d87f5814d3ba6f2335a853f3",
                "sha256:72ae3078b1c47552e0e39fd81fc0472e880316897a733dbb3570819be19da48a",
                "sha256:7353d231686bbc96c458b934f134ff9165a1e9dd0a2ea8f724469e44bcc2c07a",
                "sha256:7a1cc0445038a394479ad36b7e3cf55a19ee40099c031f65de872b8ee7025e79",
                "sha256:80fdea3e9e34c480bfccbb910f75380196ae9d1c12880c21743c845ebe6b13aa",
                "sha256:814245422f1c7707634397621dbcbeea7671fdc5c43d1ae592f4e0e45179e7fb",
                "sha256:8783857a8c8df648a70c81ea3ff53ee71e5bf18468ca5ac3414f419fe8f3bd93",
                "sha256:8a5b4dc4d7a3f859026083906724ad1ae743261548b61d0d5abcf2d994122c2b",
                "sha256:903b77dd2f17286496fa3ec902bc523f4502b0c64a2892df4b021222a2ba95fe",
                "sha256:90ba8f7c6f34c2c11179b293050417c14661035969ef3f8867200ea6901f9000",
                "sha256:952e85c5e86f9ba100b78b60719b76e1ff3e13bb403cb6de687bb92e7b2179e7",
                "sha256:9691a6ab55d011e83d7438f6711b93b7f8aa21ee8cf3e7ad6d6d9ea26a8f3a1f",
                "sha256:9982799d7d7807beb1b26f1aa9a192baccb1a14c5d00eca881a42a0ae562671b",
                "sha256:9ce158ab54994c60fdde83300dc1e447446baacbe4ec9e4e80096f9b9a125c13",
                "sha256:9d68284ce48617c97e675ed8a89db12a098eaa871a026999c9a10351f547f1fe",
                "sha256:a0562054930471b386a44b0887504687c4e7adf4ba89bddc2e5959d16c371764",
                "sha256:a2b13008a693c0ffccaeeebcc5ab5f2398cced3b5bf482ba89a38fe56b00eb10",
                "sha256:a5207bc2a923118e9afb57fee679be016ea138c27d1be5747118966e2d5d9450",
                "sha256:a824b3301ddd003cdceb9b537804e751ac5922a845b19d4e50b4789d1cd28b24",
                "sha256:a86409f3f8eae7af5a47babd831a119bdf552e831f04d2225a313305e8e35e7c",
                "sha256:aa7431d12ebb5433a92e99dc326d45eaf52a90046032bac4c558b4bdeee5dc7a",
                "sha256:ab2e55046263c8b24e64116e80b63cf701df747b44aadcf317aa47c8af2dfe67",
                "sha256:abc08b2e688714216870a6ab974733d4a1fcf0437d250ac8feed59c4c5c3f395",
                "sha256:ac6f54c399638858e0b2a3153f23934604f3a8c9bb5a9cf865060cc658b1e096",
                "sha256:af9f5b1b76753584c871c1c96db8a18650886b3adf9fc8c7d4019343eb329c28",
                "sha256:b377b520e618c30c827966c274dd62ce7e15c72ce8767fae6193b6bdd1deb502",
                "sha256:bd3537f049dc0488adb3df29a77635eaff2a8d1d3d29a09714db6e2d10caba1a",
                "sha256:c2e36399f0433b14a91f956bd7ecf94799c57a6f992889d45440cb05b3de8025",
                "sha256:c919895132cae5a458d5a17047fd33c9eb271f15bb3485add34429cfd7b76a71",
                "sha256:c952cf06edbbd2d67f627037e2c8e3187ca834d6b9a222e3a3037f80d393a345",
                "sha256:ca4ebbef3f5fbd271eafc7c22ebbb88b74232f08b0e51759113f30a8d01f6843",
                "sha256:cac954dc83c84e9d9d65f2359d402d7e79ae094d7808d578c9e9cc2c350c5a64",
                "sha256:cc98fbd4ce4ef8a0fbe97ab6d495aaa7764461e5a45f24c04f1d234e7bb80293",
                "sha256:cd62830100b9b1adb51da4094142bd680d51daf9a0f6f3f39e1f80474eddc011",
                "sha256:ce2c53f4963a358ba91b58ccecb84fab6d5f0622230d105c2589f7556ec53cc9",
                "sha256:d36a46975925b8bf14b69fe6d4097bc96c91f94ceb954d56853a2211a5cc3433",
                "sha256:d492921b398d640a1f796306531bc6911a94ce5528b798ed14e0620abd9b948d",
                "sha256:dc7badded4b025dbc25f34b95503b71c952235e6e40de40995c0c120efb4ff6d",
                "sha256:dcac700269d081ded42ed3833f9d0effe734148376204af9c0ef0fd25a3fea55",
                "sha256:dd13a30454adcf2f361155ea563ec99036678131a17c6b1a3f74426212c14ddc",
                "sha256:dd87df01bc8eca392f0d505924087ccafdc4885a498e68df9f09eca9fdc736f1",
                "sha256:e0c08a6070358a2984900a4518e2dacbfaf24aac018ab086d7ac2f6069b13340",
                "sha256:e495ff09514fc657c5fb2cba0aac082ce0494c6217230783297da9008333a8db",
                "sha256:eae3dcc185c405cf645480745c45346a1f42afce240f69a589095e41bd2b9e3d",
                "sha256:ed127aff75a3df142ae7a883c49a85b0b2f863b59fa1b8e4280335f5ebab5fd0",
                "sha256:f66c925f62ce28946525c32a094e346dd8da6c828d568d7ecda97f5ae36089c3",
                "sha256:f6f618d7d7c9c37053a36e6dc5435c53e9e0c7a67e6fd00b69c209d07a8db4dc",
                "sha256:f85bb2c47b5fd70e3cbb280e380ab97bdf9f02e1a363cb472fe0a297ac24029d",
                "sha256:f971e77358384b8bcf3e9a7577cf84f97adbd6359f943e30cbff66087afcb279",
                "sha256:fc907b26d287e6981d1e531c8fc21a0f94fe46a17493a8322eb3c75f8b561334"
            ],
            "markers": "python_version >= '3.7'",
            "version": "==26.0.0"
        },
        "ruff": {
            "hashes": [
                "sha256:0b0eddd339e24dc4f7719b1cde4967f6b6bc0ad948cc183711ba8910f14aeafe",
                "sha256:0b20e7db4a672495320a8a18149b7febf4e4f97509a4657367144569ce0915fd",
                "sha256:2d546f511431fff2b17adcf7110f3b2c2c0c8d33b0e10e5fd27fd340bc617efc",
                "sha256:46eff08dd480b5d9b540846159fe134d70e3c45a3c913c600047cbf7f0e4e308",
                "sha256:4ca7a971c8f1a0b6f5ff4a819c0d1c2619536530bbd5a289af725d8b2ef1013d",
                "sha256:5616cca501d1d16b932b7e607d7e1fd1b8c8c51d6ee484b7940fc1adc5bea541",
                "sha256:5e1cf8b064bb2a6b4922af7274fe2dffcb552d96ba716b2fbe5e2c970ed7de18",
                "sha256:70b8c620cf2212744eabd6d69c4f839f2be0d8880d27beaeb0adb6aa0b316aa8",
                "sha256:7457308d9ebf00d6a1c9a26aa755e477787a636c90b823f91cd7d4bea9e89260",
                "sha256:752e0f77f421141dd470a0b1bed4fd8f763aebabe32c80ed3580f740ef4ba807",
                "sha256:84f2a5dd8f33964d826c5377e094f7ce11e55e432cd42d3bf64efe4384224a03",
                "sha256:8584b9361900997ccf8d7aaa4dc4ab43e258a853ca7189d98ac929dc9ee50875",
                "sha256:9911c9046b94253e1fa844c0192bb764b86866a881502dee324686474d498c17",
                "sha256:c7b6b6b38e216036284c5779b6aa14acbf5664e3b5872533219cf93daf40ddfb",
                "sha256:cfa3e3ff53be05a8c5570c1585ea1e089f6b399ca99fcb78598d4a8234f248db",
                "sha256:e70befd488271a2c28c80bd427f73d8855dd222fc549fa1e9967d287c5cfe781",
                "sha256:fea4ec813c965e40af29ee627a1579ee1d827d77e81d54b85bdd7b42d1540cdd"
            ],
            "index": "pypi",
            "version": "==0.4.0"
        },
        "six": {
            "hashes": [
                "sha256:1e61c37477a1626458e36f7b1d82aa5c9b094fa4802892072e49de9c60c4c926",
                "sha256:8abb2f1d86890a2dfb989f9a77cfcfd3e47c2a354b01111771326f8aa26e0254"
            ],
            "markers": "python_version >= '2.7' and python_version not in '3.0, 3.1, 3.2, 3.3'",
            "version": "==1.16.0"
        },
        "stack-data": {
            "hashes": [
                "sha256:836a778de4fec4dcd1dcd89ed8abff8a221f58308462e1c4aa2a3cf30148f0b9",
                "sha256:d5558e0c25a4cb0853cddad3d77da9891a08cb85dd9f9f91b9f8cd66e511e695"
            ],
            "version": "==0.6.3"
        },
        "tornado": {
            "hashes": [
                "sha256:02ccefc7d8211e5a7f9e8bc3f9e5b0ad6262ba2fbb683a6443ecc804e5224ce0",
                "sha256:10aeaa8006333433da48dec9fe417877f8bcc21f48dda8d661ae79da357b2a63",
                "sha256:27787de946a9cffd63ce5814c33f734c627a87072ec7eed71f7fc4417bb16263",
                "sha256:6f8a6c77900f5ae93d8b4ae1196472d0ccc2775cc1dfdc9e7727889145c45052",
                "sha256:71ddfc23a0e03ef2df1c1397d859868d158c8276a0603b96cf86892bff58149f",
                "sha256:72291fa6e6bc84e626589f1c29d90a5a6d593ef5ae68052ee2ef000dfd273dee",
                "sha256:88b84956273fbd73420e6d4b8d5ccbe913c65d31351b4c004ae362eba06e1f78",
                "sha256:e43bc2e5370a6a8e413e1e1cd0c91bedc5bd62a74a532371042a18ef19e10579",
                "sha256:f0251554cdd50b4b44362f73ad5ba7126fc5b2c2895cc62b14a1c2d7ea32f212",
                "sha256:f7894c581ecdcf91666a0912f18ce5e757213999e183ebfc2c3fdbf4d5bd764e",
                "sha256:fd03192e287fbd0899dd8f81c6fb9cbbc69194d2074b38f384cb6fa72b80e9c2"
            ],
            "markers": "python_version >= '3.8'",
            "version": "==6.4"
        },
        "traitlets": {
            "hashes": [
                "sha256:8cdd83c040dab7d1dee822678e5f5d100b514f7b72b01615b26fc5718916fdf9",
                "sha256:fcdf85684a772ddeba87db2f398ce00b40ff550d1528c03c14dbf6a02003cd80"
            ],
            "markers": "python_version >= '3.8'",
            "version": "==5.14.2"
        },
        "typing-extensions": {
            "hashes": [
                "sha256:83f085bd5ca59c80295fc2a82ab5dac679cbe02b9f33f7d83af68e241bea51b0",
                "sha256:c1f94d72897edaf4ce775bb7558d5b79d8126906a14ea5ed1635921406c0387a"
            ],
            "markers": "python_version < '3.12'",
            "version": "==4.11.0"
        },
        "wcwidth": {
            "hashes": [
                "sha256:3da69048e4540d84af32131829ff948f1e022c1c6bdb8d6102117aac784f6859",
                "sha256:72ea0c06399eb286d978fdedb6923a9eb47e1c486ce63e9b4e64fc18303972b5"
            ],
            "version": "==0.2.13"
        }
    }
}
